
Microsoft Visual Studio Solution File, Format Version 12.00
# Visual Studio Version 16
VisualStudioVersion = 16.0.32630.194
MinimumVisualStudioVersion = 10.0.40219.1
Project("{FAE04EC0-301F-11D3-BF4B-00C04F79EFBC}") = "InterfaceAbstractDemo", "InterfaceAbstractDemo\InterfaceAbstractDemo.csproj", "{BE3E3589-2824-4FDA-A60A-186CFAC9AD6A}"
EndProject
Global
	GlobalSection(SolutionConfigurationPlatforms) = preSolution
		Debug|Any CPU = Debug|Any CPU
		Release|Any CPU = Release|Any CPU
	EndGlobalSection
	GlobalSection(ProjectConfigurationPlatforms) = postSolution
		{BE3E3589-2824-4FDA-A60A-186CFAC9AD6A}.Debug|Any CPU.ActiveCfg = Debug|Any CPU
		{BE3E3589-2824-4FDA-A60A-186CFAC9AD6A}.Debug|Any CPU.Build.0 = Debug|Any CPU
		{BE3E3589-2824-4FDA-A60A-186CFAC9AD6A}.Release|Any CPU.ActiveCfg = Release|Any CPU
		{BE3E3589-2824-4FDA-A60A-186CFAC9AD6A}.Release|Any CPU.Build.0 = Release|Any CPU
	EndGlobalSection
	GlobalSection(SolutionProperties) = preSolution
		HideSolutionNode = FALSE
	EndGlobalSection
	GlobalSection(ExtensibilityGlobals) = postSolution
		SolutionGuid = {8F2B23F0-E04B-49A5-8E0D-EC4E8CBAAC43}
	EndGlobalSection
EndGlobal
